
Microsoft Visual Studio Solution File, Format Version 12.00
# Visual Studio Version 17
VisualStudioVersion = 17.14.36414.22 d17.14
MinimumVisualStudioVersion = 10.0.40219.1
Project("{FAE04EC0-301F-11D3-BF4B-00C04F79EFBC}") = "ChatClient", "..\source\repos\ChatSolution\ChatClient\ChatClient.csproj", "{B856CC59-16C2-4EA1-8B35-7BE734D9D6A1}"
EndProject
Project("{FAE04EC0-301F-11D3-BF4B-00C04F79EFBC}") = "ChatServer", "..\source\repos\ChatSolution\ChatServer\ChatServer.csproj", "{B571B169-43D2-4F80-AF31-CAB011537D96}"
EndProject
Global
	GlobalSection(SolutionConfigurationPlatforms) = preSolution
		Debug|Any CPU = Debug|Any CPU
		Release|Any CPU = Release|Any CPU
	EndGlobalSection
	GlobalSection(ProjectConfigurationPlatforms) = postSolution
		{B856CC59-16C2-4EA1-8B35-7BE734D9D6A1}.Debug|Any CPU.ActiveCfg = Debug|Any CPU
		{B856CC59-16C2-4EA1-8B35-7BE734D9D6A1}.Debug|Any CPU.Build.0 = Debug|Any CPU
		{B856CC59-16C2-4EA1-8B35-7BE734D9D6A1}.Release|Any CPU.ActiveCfg = Release|Any CPU
		{B856CC59-16C2-4EA1-8B35-7BE734D9D6A1}.Release|Any CPU.Build.0 = Release|Any CPU
		{B571B169-43D2-4F80-AF31-CAB011537D96}.Debug|Any CPU.ActiveCfg = Debug|Any CPU
		{B571B169-43D2-4F80-AF31-CAB011537D96}.Debug|Any CPU.Build.0 = Debug|Any CPU
		{B571B169-43D2-4F80-AF31-CAB011537D96}.Release|Any CPU.ActiveCfg = Release|Any CPU
		{B571B169-43D2-4F80-AF31-CAB011537D96}.Release|Any CPU.Build.0 = Release|Any CPU
	EndGlobalSection
	GlobalSection(SolutionProperties) = preSolution
		HideSolutionNode = FALSE
	EndGlobalSection
	GlobalSection(ExtensibilityGlobals) = postSolution
		SolutionGuid = {6C87A024-3BF3-47EB-9F87-AB4676F4B22C}
	EndGlobalSection
EndGlobal
